
Microsoft Visual Studio Solution File, Format Version 12.00
# Visual Studio Version 17
VisualStudioVersion = 17.14.36623.8 d17.14
MinimumVisualStudioVersion = 10.0.40219.1
Project("{FAE04EC0-301F-11D3-BF4B-00C04F79EFBC}") = "Bank", "Bank\Bank.csproj", "{EA39E808-CB89-4A22-B303-9C8AFACBE632}"
EndProject
Project("{FAE04EC0-301F-11D3-BF4B-00C04F79EFBC}") = "BankTests", "BankTests\BankTests.csproj", "{E4059E8F-C610-4EF2-B7D2-C3E45ACD47C2}"
EndProject
Global
	GlobalSection(SolutionConfigurationPlatforms) = preSolution
		Debug|Any CPU = Debug|Any CPU
		Release|Any CPU = Release|Any CPU
	EndGlobalSection
	GlobalSection(ProjectConfigurationPlatforms) = postSolution
		{EA39E808-CB89-4A22-B303-9C8AFACBE632}.Debug|Any CPU.ActiveCfg = Debug|Any CPU
		{EA39E808-CB89-4A22-B303-9C8AFACBE632}.Debug|Any CPU.Build.0 = Debug|Any CPU
		{EA39E808-CB89-4A22-B303-9C8AFACBE632}.Release|Any CPU.ActiveCfg = Release|Any CPU
		{EA39E808-CB89-4A22-B303-9C8AFACBE632}.Release|Any CPU.Build.0 = Release|Any CPU
		{E4059E8F-C610-4EF2-B7D2-C3E45ACD47C2}.Debug|Any CPU.ActiveCfg = Debug|Any CPU
		{E4059E8F-C610-4EF2-B7D2-C3E45ACD47C2}.Debug|Any CPU.Build.0 = Debug|Any CPU
		{E4059E8F-C610-4EF2-B7D2-C3E45ACD47C2}.Release|Any CPU.ActiveCfg = Release|Any CPU
		{E4059E8F-C610-4EF2-B7D2-C3E45ACD47C2}.Release|Any CPU.Build.0 = Release|Any CPU
	EndGlobalSection
	GlobalSection(SolutionProperties) = preSolution
		HideSolutionNode = FALSE
	EndGlobalSection
	GlobalSection(ExtensibilityGlobals) = postSolution
		SolutionGuid = {3A855FD9-81E4-409E-AF6C-41C8C6CF7BF5}
	EndGlobalSection
EndGlobal
